# This file may be used to create an environment using:
# $ conda create --name <env> --file <this file>
# platform: win-64
@EXPLICIT
https://conda.anaconda.org/conda-forge/win-64/ca-certificates-2020.6.20-hecda079_0.tar.bz2
https://repo.anaconda.com/pkgs/main/win-64/intel-openmp-2020.1-216.conda
https://repo.anaconda.com/pkgs/msys2/win-64/msys2-conda-epoch-20160418-1.tar.bz2
https://conda.anaconda.org/conda-forge/noarch/poppler-data-0.4.9-1.tar.bz2
https://conda.anaconda.org/conda-forge/win-64/vs2015_runtime-14.16.27012-h30e32a0_2.tar.bz2
https://repo.anaconda.com/pkgs/msys2/win-64/m2w64-expat-2.1.1-2.tar.bz2
https://repo.anaconda.com/pkgs/msys2/win-64/m2w64-gmp-6.1.0-2.tar.bz2
https://repo.anaconda.com/pkgs/msys2/win-64/m2w64-libiconv-1.14-6.tar.bz2
https://repo.anaconda.com/pkgs/msys2/win-64/m2w64-libwinpthread-git-5.0.0.4634.697f757-2.tar.bz2
https://repo.anaconda.com/pkgs/main/win-64/mkl-2020.1-216.conda
https://conda.anaconda.org/conda-forge/win-64/vc-14.1-h869be7e_1.tar.bz2
https://conda.anaconda.org/conda-forge/win-64/bzip2-1.0.8-he774522_3.tar.bz2
https://conda.anaconda.org/conda-forge/win-64/cfitsio-3.470-hbbe6aef_6.tar.bz2
https://conda.anaconda.org/conda-forge/win-64/expat-2.2.9-h33f27b4_2.tar.bz2
https://conda.anaconda.org/conda-forge/win-64/geos-3.8.1-he025d50_0.tar.bz2
https://conda.anaconda.org/conda-forge/win-64/icu-64.2-he025d50_1.tar.bz2
https://conda.anaconda.org/conda-forge/win-64/jpeg-9d-he774522_0.tar.bz2
https://conda.anaconda.org/conda-forge/win-64/libblas-3.8.0-16_mkl.tar.bz2
https://conda.anaconda.org/conda-forge/win-64/libiconv-1.16-he774522_0.tar.bz2
https://conda.anaconda.org/conda-forge/win-64/libwebp-base-1.1.0-hfa6e2cd_3.tar.bz2
https://conda.anaconda.org/conda-forge/win-64/lz4-c-1.9.2-h62dcd97_2.tar.bz2
https://repo.anaconda.com/pkgs/msys2/win-64/m2w64-gcc-libs-core-5.3.0-7.tar.bz2
https://conda.anaconda.org/conda-forge/win-64/openssl-1.1.1h-he774522_0.tar.bz2
https://conda.anaconda.org/conda-forge/win-64/pcre-8.44-h6538335_0.tar.bz2
https://conda.anaconda.org/conda-forge/win-64/pixman-0.38.0-hfa6e2cd_1003.tar.bz2
https://conda.anaconda.org/conda-forge/win-64/sqlite-3.33.0-he774522_1.tar.bz2
https://conda.anaconda.org/conda-forge/win-64/tbb-2020.1-he980bc4_0.tar.bz2
https://conda.anaconda.org/conda-forge/win-64/tk-8.6.10-he774522_1.tar.bz2
https://conda.anaconda.org/conda-forge/win-64/xerces-c-3.2.2-h6538335_1004.tar.bz2
https://conda.anaconda.org/conda-forge/win-64/xz-5.2.5-h62dcd97_1.tar.bz2
https://conda.anaconda.org/conda-forge/win-64/zlib-1.2.11-h62dcd97_1009.tar.bz2
https://conda.anaconda.org/conda-forge/win-64/freexl-1.0.5-hd288d7e_1002.tar.bz2
https://conda.anaconda.org/conda-forge/win-64/hdf4-4.2.13-hf8e6fe8_1003.tar.bz2
https://conda.anaconda.org/conda-forge/win-64/hdf5-1.10.6-nompi_he0bbb20_101.tar.bz2
https://conda.anaconda.org/conda-forge/win-64/krb5-1.17.1-hc04afaa_3.tar.bz2
https://conda.anaconda.org/conda-forge/win-64/libcblas-3.8.0-16_mkl.tar.bz2
https://conda.anaconda.org/conda-forge/win-64/liblapack-3.8.0-16_mkl.tar.bz2
https://conda.anaconda.org/conda-forge/win-64/libpng-1.6.37-ha81a0f5_2.tar.bz2
https://conda.anaconda.org/conda-forge/win-64/libssh2-1.9.0-hb06d900_5.tar.bz2
https://conda.anaconda.org/conda-forge/win-64/libxml2-2.9.10-h1006b36_2.tar.bz2
https://repo.anaconda.com/pkgs/msys2/win-64/m2w64-gcc-libgfortran-5.3.0-6.tar.bz2
https://conda.anaconda.org/conda-forge/win-64/python-3.7.8-h60c2a47_1_cpython.tar.bz2
https://conda.anaconda.org/conda-forge/win-64/zstd-1.4.5-h1f3a1b7_2.tar.bz2
https://conda.anaconda.org/conda-forge/win-64/boost-cpp-1.74.0-hd4e6614_0.tar.bz2
https://conda.anaconda.org/conda-forge/win-64/freetype-2.10.2-hd328e21_0.tar.bz2
https://conda.anaconda.org/conda-forge/win-64/kealib-1.4.13-h3b59ab9_1.tar.bz2
https://conda.anaconda.org/conda-forge/win-64/libcurl-7.71.1-h4b64cdc_8.tar.bz2
https://conda.anaconda.org/conda-forge/win-64/libpq-12.3-hd9aa61d_0.tar.bz2
https://conda.anaconda.org/conda-forge/win-64/libtiff-4.1.0-h885aae3_6.tar.bz2
https://repo.anaconda.com/pkgs/msys2/win-64/m2w64-gcc-libs-5.3.0-7.tar.bz2
https://conda.anaconda.org/conda-forge/noarch/pyinstaller-hooks-contrib-2020.9-pyh9f0ad1d_0.tar.bz2
https://conda.anaconda.org/conda-forge/win-64/python_abi-3.7-1_cp37m.tar.bz2
https://conda.anaconda.org/conda-forge/win-64/pywin32-227-py37hfa6e2cd_0.tar.bz2
https://conda.anaconda.org/conda-forge/noarch/wheel-0.35.1-pyh9f0ad1d_0.tar.bz2
https://conda.anaconda.org/conda-forge/win-64/certifi-2020.6.20-py37hc8dfbb8_0.tar.bz2
https://conda.anaconda.org/conda-forge/win-64/curl-7.71.1-h4b64cdc_8.tar.bz2
https://conda.anaconda.org/conda-forge/win-64/future-0.18.2-py37hc8dfbb8_1.tar.bz2
https://conda.anaconda.org/conda-forge/win-64/libffi-3.2.1-ha925a31_1007.tar.bz2
https://conda.anaconda.org/conda-forge/win-64/libkml-1.3.0-he9e54da_1012.tar.bz2
https://repo.anaconda.com/pkgs/msys2/win-64/m2w64-gettext-0.19.7-2.tar.bz2
https://conda.anaconda.org/conda-forge/win-64/numpy-1.19.1-py37h7cee19a_2.tar.bz2
https://conda.anaconda.org/conda-forge/win-64/openjpeg-2.3.1-h57dd2e7_3.tar.bz2
https://conda.anaconda.org/conda-forge/win-64/postgresql-12.3-he14cc48_0.tar.bz2
https://conda.anaconda.org/conda-forge/win-64/proj-7.0.0-haa36216_5.tar.bz2
https://conda.anaconda.org/conda-forge/win-64/pywin32-ctypes-0.2.0-py37hc8dfbb8_1001.tar.bz2
https://conda.anaconda.org/conda-forge/win-64/wincertstore-0.2-py37hc8dfbb8_1004.tar.bz2
https://conda.anaconda.org/conda-forge/win-64/geotiff-1.5.1-h3d29ae3_10.tar.bz2
https://conda.anaconda.org/conda-forge/win-64/gettext-0.19.8.1-hb01d8f6_1002.tar.bz2
https://conda.anaconda.org/conda-forge/win-64/libnetcdf-4.7.4-nompi_h256d12c_105.tar.bz2
https://conda.anaconda.org/conda-forge/win-64/libspatialite-4.3.0a-h51df0ed_1038.tar.bz2
https://repo.anaconda.com/pkgs/msys2/win-64/m2w64-xz-5.2.2-2.tar.bz2
https://conda.anaconda.org/conda-forge/noarch/pefile-2019.4.18-py_0.tar.bz2
https://conda.anaconda.org/conda-forge/win-64/setuptools-49.6.0-py37hc8dfbb8_1.tar.bz2
https://conda.anaconda.org/conda-forge/win-64/tiledb-1.7.7-h0b90766_3.tar.bz2
https://conda.anaconda.org/conda-forge/noarch/altgraph-0.16.1-py_0.tar.bz2
https://conda.anaconda.org/conda-forge/win-64/glib-2.66.1-hccabbfd_0.tar.bz2
https://conda.anaconda.org/conda-forge/noarch/pip-20.2.3-py_0.tar.bz2
https://conda.anaconda.org/conda-forge/noarch/macholib-1.14-pyh9f0ad1d_1.tar.bz2
https://conda.anaconda.org/conda-forge/win-64/poppler-0.87.0-h0cd1227_1.tar.bz2
https://conda.anaconda.org/conda-forge/win-64/libgdal-3.0.4-h6f60a84_9.tar.bz2
https://conda.anaconda.org/conda-forge/win-64/pyinstaller-4.0-py37hcd93244_1.tar.bz2
https://conda.anaconda.org/conda-forge/win-64/gdal-3.0.4-py37hd44be9e_9.tar.bz2
